// !$*UTF8*$!
{
	archiveVersion = 1;
	classes = {
	};
	objectVersion = 77;
	objects = {

/* Begin PBXBuildFile section */
		1DDB3A1E2D59EBEA00093AE7 /* FirebaseAnalytics in Frameworks */ = {isa = PBXBuildFile; productRef = 1DDB3A1D2D59EBEA00093AE7 /* FirebaseAnalytics */; };
		1DDB3A202D59EBEA00093AE7 /* FirebaseAuth in Frameworks */ = {isa = PBXBuildFile; productRef = 1DDB3A1F2D59EBEA00093AE7 /* FirebaseAuth */; };
		1DDB3A222D59EBEA00093AE7 /* FirebaseCore in Frameworks */ = {isa = PBXBuildFile; productRef = 1DDB3A212D59EBEA00093AE7 /* FirebaseCore */; };
		1DDB3A242D59EBEA00093AE7 /* FirebaseFirestore in Frameworks */ = {isa = PBXBuildFile; productRef = 1DDB3A232D59EBEA00093AE7 /* FirebaseFirestore */; };
		1DDB3B362D5BA08300093AE7 /* ViewInspector in Frameworks */ = {isa = PBXBuildFile; productRef = 1DDB3B352D5BA08300093AE7 /* ViewInspector */; };
/* End PBXBuildFile section */

/* Begin PBXContainerItemProxy section */
		1DDB39942D59CBAB00093AE7 /* PBXContainerItemProxy */ = {
			isa = PBXContainerItemProxy;
			containerPortal = 1DDB397B2D59CBA800093AE7 /* Project object */;
			proxyType = 1;
			remoteGlobalIDString = 1DDB39822D59CBA800093AE7;
			remoteInfo = QuoteOfTheDay;
		};
		1DDB399E2D59CBAB00093AE7 /* PBXContainerItemProxy */ = {
			isa = PBXContainerItemProxy;
			containerPortal = 1DDB397B2D59CBA800093AE7 /* Project object */;
			proxyType = 1;
			remoteGlobalIDString = 1DDB39822D59CBA800093AE7;
			remoteInfo = QuoteOfTheDay;
		};
/* End PBXContainerItemProxy section */

/* Begin PBXFileReference section */
		1DDB39832D59CBA800093AE7 /* QuoteOfTheDay.app */ = {isa = PBXFileReference; explicitFileType = wrapper.application; includeInIndex = 0; path = QuoteOfTheDay.app; sourceTree = BUILT_PRODUCTS_DIR; };
		1DDB39932D59CBAB00093AE7 /* QuoteOfTheDayTests.xctest */ = {isa = PBXFileReference; explicitFileType = wrapper.cfbundle; includeInIndex = 0; path = QuoteOfTheDayTests.xctest; sourceTree = BUILT_PRODUCTS_DIR; };
		1DDB399D2D59CBAB00093AE7 /* QuoteOfTheDayUITests.xctest */ = {isa = PBXFileReference; explicitFileType = wrapper.cfbundle; includeInIndex = 0; path = QuoteOfTheDayUITests.xctest; sourceTree = BUILT_PRODUCTS_DIR; };
/* End PBXFileReference section */

/* Begin PBXFileSystemSynchronizedBuildFileExceptionSet section */
		1DDB39DA2D59E02700093AE7 /* Exceptions for "QuoteOfTheDay" folder in "QuoteOfTheDay" target */ = {
			isa = PBXFileSystemSynchronizedBuildFileExceptionSet;
			membershipExceptions = (
				Info.plist,
			);
			target = 1DDB39822D59CBA800093AE7 /* QuoteOfTheDay */;
		};
/* End PBXFileSystemSynchronizedBuildFileExceptionSet section */

/* Begin PBXFileSystemSynchronizedRootGroup section */
		1DDB39852D59CBA800093AE7 /* QuoteOfTheDay */ = {
			isa = PBXFileSystemSynchronizedRootGroup;
			exceptions = (
				1DDB39DA2D59E02700093AE7 /* Exceptions for "QuoteOfTheDay" folder in "QuoteOfTheDay" target */,
			);
			path = QuoteOfTheDay;
			sourceTree = "<group>";
		};
		1DDB39962D59CBAB00093AE7 /* QuoteOfTheDayTests */ = {
			isa = PBXFileSystemSynchronizedRootGroup;
			path = QuoteOfTheDayTests;
			sourceTree = "<group>";
		};
		1DDB39A02D59CBAB00093AE7 /* QuoteOfTheDayUITests */ = {
			isa = PBXFileSystemSynchronizedRootGroup;
			path = QuoteOfTheDayUITests;
			sourceTree = "<group>";
		};
/* End PBXFileSystemSynchronizedRootGroup section */

/* Begin PBXFrameworksBuildPhase section */
		1DDB39802D59CBA800093AE7 /* Frameworks */ = {
			isa = PBXFrameworksBuildPhase;
			buildActionMask = 2147483647;
			files = (
				1DDB3A1E2D59EBEA00093AE7 /* FirebaseAnalytics in Frameworks */,
				1DDB3A242D59EBEA00093AE7 /* FirebaseFirestore in Frameworks */,
				1DDB3A222D59EBEA00093AE7 /* FirebaseCore in Frameworks */,
				1DDB3A202D59EBEA00093AE7 /* FirebaseAuth in Frameworks */,
			);
			runOnlyForDeploymentPostprocessing = 0;
		};
		1DDB39902D59CBAB00093AE7 /* Frameworks */ = {
			isa = PBXFrameworksBuildPhase;
			buildActionMask = 2147483647;
			files = (
				1DDB3B362D5BA08300093AE7 /* ViewInspector in Frameworks */,
			);
			runOnlyForDeploymentPostprocessing = 0;
		};
		1DDB399A2D59CBAB00093AE7 /* Frameworks */ = {
			isa = PBXFrameworksBuildPhase;
			buildActionMask = 2147483647;
			files = (
			);
			runOnlyForDeploymentPostprocessing = 0;
		};
/* End PBXFrameworksBuildPhase section */

/* Begin PBXGroup section */
		1DDB397A2D59CBA800093AE7 = {
			isa = PBXGroup;
			children = (
				1DDB39852D59CBA800093AE7 /* QuoteOfTheDay */,
				1DDB39962D59CBAB00093AE7 /* QuoteOfTheDayTests */,
				1DDB39A02D59CBAB00093AE7 /* QuoteOfTheDayUITests */,
				1DDB39842D59CBA800093AE7 /* Products */,
			);
			sourceTree = "<group>";
		};
		1DDB39842D59CBA800093AE7 /* Products */ = {
			isa = PBXGroup;
			children = (
				1DDB39832D59CBA800093AE7 /* QuoteOfTheDay.app */,
				1DDB39932D59CBAB00093AE7 /* QuoteOfTheDayTests.xctest */,
				1DDB399D2D59CBAB00093AE7 /* QuoteOfTheDayUITests.xctest */,
			);
			name = Products;
			sourceTree = "<group>";
		};
/* End PBXGroup section */

/* Begin PBXNativeTarget section */
		1DDB39822D59CBA800093AE7 /* QuoteOfTheDay */ = {
			isa = PBXNativeTarget;
			buildConfigurationList = 1DDB39A72D59CBAB00093AE7 /* Build configuration list for PBXNativeTarget "QuoteOfTheDay" */;
			buildPhases = (
				1DDB397F2D59CBA800093AE7 /* Sources */,
				1DDB39802D59CBA800093AE7 /* Frameworks */,
				1DDB39812D59CBA800093AE7 /* Resources */,
			);
			buildRules = (
			);
			dependencies = (
			);
			fileSystemSynchronizedGroups = (
				1DDB39852D59CBA800093AE7 /* QuoteOfTheDay */,
			);
			name = QuoteOfTheDay;
			packageProductDependencies = (
				1DDB3A1D2D59EBEA00093AE7 /* FirebaseAnalytics */,
				1DDB3A1F2D59EBEA00093AE7 /* FirebaseAuth */,
				1DDB3A212D59EBEA00093AE7 /* FirebaseCore */,
				1DDB3A232D59EBEA00093AE7 /* FirebaseFirestore */,
			);
			productName = QuoteOfTheDay;
			productReference = 1DDB39832D59CBA800093AE7 /* QuoteOfTheDay.app */;
			productType = "com.apple.product-type.application";
		};
		1DDB39922D59CBAB00093AE7 /* QuoteOfTheDayTests */ = {
			isa = PBXNativeTarget;
			buildConfigurationList = 1DDB39AA2D59CBAB00093AE7 /* Build configuration list for PBXNativeTarget "QuoteOfTheDayTests" */;
			buildPhases = (
				1DDB398F2D59CBAB00093AE7 /* Sources */,
				1DDB39902D59CBAB00093AE7 /* Frameworks */,
				1DDB39912D59CBAB00093AE7 /* Resources */,
			);
			buildRules = (
			);
			dependencies = (
				1DDB39952D59CBAB00093AE7 /* PBXTargetDependency */,
			);
			fileSystemSynchronizedGroups = (
				1DDB39962D59CBAB00093AE7 /* QuoteOfTheDayTests */,
			);
			name = QuoteOfTheDayTests;
			packageProductDependencies = (
				1DDB3B352D5BA08300093AE7 /* ViewInspector */,
			);
			productName = QuoteOfTheDayTests;
			productReference = 1DDB39932D59CBAB00093AE7 /* QuoteOfTheDayTests.xctest */;
			productType = "com.apple.product-type.bundle.unit-test";
		};
		1DDB399C2D59CBAB00093AE7 /* QuoteOfTheDayUITests */ = {
			isa = PBXNativeTarget;
			buildConfigurationList = 1DDB39AD2D59CBAB00093AE7 /* Build configuration list for PBXNativeTarget "QuoteOfTheDayUITests" */;
			buildPhases = (
				1DDB39992D59CBAB00093AE7 /* Sources */,
				1DDB399A2D59CBAB00093AE7 /* Frameworks */,
				1DDB399B2D59CBAB00093AE7 /* Resources */,
			);
			buildRules = (
			);
			dependencies = (
				1DDB399F2D59CBAB00093AE7 /* PBXTargetDependency */,
			);
			fileSystemSynchronizedGroups = (
				1DDB39A02D59CBAB00093AE7 /* QuoteOfTheDayUITests */,
			);
			name = QuoteOfTheDayUITests;
			packageProductDependencies = (
			);
			productName = QuoteOfTheDayUITests;
			productReference = 1DDB399D2D59CBAB00093AE7 /* QuoteOfTheDayUITests.xctest */;
			productType = "com.apple.product-type.bundle.ui-testing";
		};
/* End PBXNativeTarget section */

/* Begin PBXProject section */
		1DDB397B2D59CBA800093AE7 /* Project object */ = {
			isa = PBXProject;
			attributes = {
				BuildIndependentTargetsInParallel = 1;
				LastSwiftUpdateCheck = 1620;
				LastUpgradeCheck = 1620;
				TargetAttributes = {
					1DDB39822D59CBA800093AE7 = {
						CreatedOnToolsVersion = 16.2;
					};
					1DDB39922D59CBAB00093AE7 = {
						CreatedOnToolsVersion = 16.2;
						TestTargetID = 1DDB39822D59CBA800093AE7;
					};
					1DDB399C2D59CBAB00093AE7 = {
						CreatedOnToolsVersion = 16.2;
						TestTargetID = 1DDB39822D59CBA800093AE7;
					};
				};
			};
			buildConfigurationList = 1DDB397E2D59CBA800093AE7 /* Build configuration list for PBXProject "QuoteOfTheDay" */;
			developmentRegion = en;
			hasScannedForEncodings = 0;
			knownRegions = (
				en,
				Base,
			);
			mainGroup = 1DDB397A2D59CBA800093AE7;
			minimizedProjectReferenceProxies = 1;
			packageReferences = (
				1DDB3A1C2D59EBEA00093AE7 /* XCRemoteSwiftPackageReference "firebase-ios-sdk" */,
				1DDB3B342D5BA08300093AE7 /* XCRemoteSwiftPackageReference "ViewInspector" */,
			);
			preferredProjectObjectVersion = 77;
			productRefGroup = 1DDB39842D59CBA800093AE7 /* Products */;
			projectDirPath = "";
			projectRoot = "";
			targets = (
				1DDB39822D59CBA800093AE7 /* QuoteOfTheDay */,
				1DDB39922D59CBAB00093AE7 /* QuoteOfTheDayTests */,
				1DDB399C2D59CBAB00093AE7 /* QuoteOfTheDayUITests */,
			);
		};
/* End PBXProject section */

/* Begin PBXResourcesBuildPhase section */
		1DDB39812D59CBA800093AE7 /* Resources */ = {
			isa = PBXResourcesBuildPhase;
			buildActionMask = 2147483647;
			files = (
			);
			runOnlyForDeploymentPostprocessing = 0;
		};
		1DDB39912D59CBAB00093AE7 /* Resources */ = {
			isa = PBXResourcesBuildPhase;
			buildActionMask = 2147483647;
			files = (
			);
			runOnlyForDeploymentPostprocessing = 0;
		};
		1DDB399B2D59CBAB00093AE7 /* Resources */ = {
			isa = PBXResourcesBuildPhase;
			buildActionMask = 2147483647;
			files = (
			);
			runOnlyForDeploymentPostprocessing = 0;
		};
/* End PBXResourcesBuildPhase section */

/* Begin PBXSourcesBuildPhase section */
		1DDB397F2D59CBA800093AE7 /* Sources */ = {
			isa = PBXSourcesBuildPhase;
			buildActionMask = 2147483647;
			files = (
			);
			runOnlyForDeploymentPostprocessing = 0;
		};
		1DDB398F2D59CBAB00093AE7 /* Sources */ = {
			isa = PBXSourcesBuildPhase;
			buildActionMask = 2147483647;
			files = (
			);
			runOnlyForDeploymentPostprocessing = 0;
		};
		1DDB39992D59CBAB00093AE7 /* Sources */ = {
			isa = PBXSourcesBuildPhase;
			buildActionMask = 2147483647;
			files = (
			);
			runOnlyForDeploymentPostprocessing = 0;
		};
/* End PBXSourcesBuildPhase section */

/* Begin PBXTargetDependency section */
		1DDB39952D59CBAB00093AE7 /* PBXTargetDependency */ = {
			isa = PBXTargetDependency;
			target = 1DDB39822D59CBA800093AE7 /* QuoteOfTheDay */;
			targetProxy = 1DDB39942D59CBAB00093AE7 /* PBXContainerItemProxy */;
		};
		1DDB399F2D59CBAB00093AE7 /* PBXTargetDependency */ = {
			isa = PBXTargetDependency;
			target = 1DDB39822D59CBA800093AE7 /* QuoteOfTheDay */;
			targetProxy = 1DDB399E2D59CBAB00093AE7 /* PBXContainerItemProxy */;
		};
/* End PBXTargetDependency section */

/* Begin XCBuildConfiguration section */
		1DDB39A52D59CBAB00093AE7 /* Debug */ = {
			isa = XCBuildConfiguration;
			buildSettings = {
				ALWAYS_SEARCH_USER_PATHS = NO;
				ASSETCATALOG_COMPILER_GENERATE_SWIFT_ASSET_SYMBOL_EXTENSIONS = YES;
				CLANG_ANALYZER_NONNULL = YES;
				CLANG_ANALYZER_NUMBER_OBJECT_CONVERSION = YES_AGGRESSIVE;
				CLANG_CXX_LANGUAGE_STANDARD = "gnu++20";
				CLANG_ENABLE_MODULES = YES;
				CLANG_ENABLE_OBJC_ARC = YES;
				CLANG_ENABLE_OBJC_WEAK = YES;
				CLANG_WARN_BLOCK_CAPTURE_AUTORELEASING = YES;
				CLANG_WARN_BOOL_CONVERSION = YES;
				CLANG_WARN_COMMA = YES;
				CLANG_WARN_CONSTANT_CONVERSION = YES;
				CLANG_WARN_DEPRECATED_OBJC_IMPLEMENTATIONS = YES;
				CLANG_WARN_DIRECT_OBJC_ISA_USAGE = YES_ERROR;
				CLANG_WARN_DOCUMENTATION_COMMENTS = YES;
				CLANG_WARN_EMPTY_BODY = YES;
				CLANG_WARN_ENUM_CONVERSION = YES;
				CLANG_WARN_INFINITE_RECURSION = YES;
				CLANG_WARN_INT_CONVERSION = YES;
				CLANG_WARN_NON_LITERAL_NULL_CONVERSION = YES;
				CLANG_WARN_OBJC_IMPLICIT_RETAIN_SELF = YES;
				CLANG_WARN_OBJC_LITERAL_CONVERSION = YES;
				CLANG_WARN_OBJC_ROOT_CLASS = YES_ERROR;
				CLANG_WARN_QUOTED_INCLUDE_IN_FRAMEWORK_HEADER = YES;
				CLANG_WARN_RANGE_LOOP_ANALYSIS = YES;
				CLANG_WARN_STRICT_PROTOTYPES = YES;
				CLANG_WARN_SUSPICIOUS_MOVE = YES;
				CLANG_WARN_UNGUARDED_AVAILABILITY = YES_AGGRESSIVE;
				CLANG_WARN_UNREACHABLE_CODE = YES;
				CLANG_WARN__DUPLICATE_METHOD_MATCH = YES;
				COPY_PHASE_STRIP = NO;
				DEBUG_INFORMATION_FORMAT = dwarf;
				ENABLE_STRICT_OBJC_MSGSEND = YES;
				ENABLE_TESTABILITY = YES;
				ENABLE_USER_SCRIPT_SANDBOXING = YES;
				GCC_C_LANGUAGE_STANDARD = gnu17;
				GCC_DYNAMIC_NO_PIC = NO;
				GCC_NO_COMMON_BLOCKS = YES;
				GCC_OPTIMIZATION_LEVEL = 0;
				GCC_PREPROCESSOR_DEFINITIONS = (
					"DEBUG=1",
					"$(inherited)",
				);
				GCC_WARN_64_TO_32_BIT_CONVERSION = YES;
				GCC_WARN_ABOUT_RETURN_TYPE = YES_ERROR;
				GCC_WARN_UNDECLARED_SELECTOR = YES;
				GCC_WARN_UNINITIALIZED_AUTOS = YES_AGGRESSIVE;
				GCC_WARN_UNUSED_FUNCTION = YES;
				GCC_WARN_UNUSED_VARIABLE = YES;
				IPHONEOS_DEPLOYMENT_TARGET = 18.2;
				LOCALIZATION_PREFERS_STRING_CATALOGS = YES;
				MTL_ENABLE_DEBUG_INFO = INCLUDE_SOURCE;
				MTL_FAST_MATH = YES;
				ONLY_ACTIVE_ARCH = YES;
				SDKROOT = iphoneos;
				SWIFT_ACTIVE_COMPILATION_CONDITIONS = "DEBUG $(inherited)";
				SWIFT_OPTIMIZATION_LEVEL = "-Onone";
			};
			name = Debug;
		};
		1DDB39A62D59CBAB00093AE7 /* Release */ = {
			isa = XCBuildConfiguration;
			buildSettings = {
				ALWAYS_SEARCH_USER_PATHS = NO;
				ASSETCATALOG_COMPILER_GENERATE_SWIFT_ASSET_SYMBOL_EXTENSIONS = YES;
				CLANG_ANALYZER_NONNULL = YES;
				CLANG_ANALYZER_NUMBER_OBJECT_CONVERSION = YES_AGGRESSIVE;
				CLANG_CXX_LANGUAGE_STANDARD = "gnu++20";
				CLANG_ENABLE_MODULES = YES;
				CLANG_ENABLE_OBJC_ARC = YES;
				CLANG_ENABLE_OBJC_WEAK = YES;
				CLANG_WARN_BLOCK_CAPTURE_AUTORELEASING = YES;
				CLANG_WARN_BOOL_CONVERSION = YES;
				CLANG_WARN_COMMA = YES;
				CLANG_WARN_CONSTANT_CONVERSION = YES;
				CLANG_WARN_DEPRECATED_OBJC_IMPLEMENTATIONS = YES;
				CLANG_WARN_DIRECT_OBJC_ISA_USAGE = YES_ERROR;
				CLANG_WARN_DOCUMENTATION_COMMENTS = YES;
				CLANG_WARN_EMPTY_BODY = YES;
				CLANG_WARN_ENUM_CONVERSION = YES;
				CLANG_WARN_INFINITE_RECURSION = YES;
				CLANG_WARN_INT_CONVERSION = YES;
				CLANG_WARN_NON_LITERAL_NULL_CONVERSION = YES;
				CLANG_WARN_OBJC_IMPLICIT_RETAIN_SELF = YES;
				CLANG_WARN_OBJC_LITERAL_CONVERSION = YES;
				CLANG_WARN_OBJC_ROOT_CLASS = YES_ERROR;
				CLANG_WARN_QUOTED_INCLUDE_IN_FRAMEWORK_HEADER = YES;
				CLANG_WARN_RANGE_LOOP_ANALYSIS = YES;
				CLANG_WARN_STRICT_PROTOTYPES = YES;
				CLANG_WARN_SUSPICIOUS_MOVE = YES;
				CLANG_WARN_UNGUARDED_AVAILABILITY = YES_AGGRESSIVE;
				CLANG_WARN_UNREACHABLE_CODE = YES;
				CLANG_WARN__DUPLICATE_METHOD_MATCH = YES;
				COPY_PHASE_STRIP = NO;
				DEBUG_INFORMATION_FORMAT = "dwarf-with-dsym";
				ENABLE_NS_ASSERTIONS = NO;
				ENABLE_STRICT_OBJC_MSGSEND = YES;
				ENABLE_USER_SCRIPT_SANDBOXING = YES;
				GCC_C_LANGUAGE_STANDARD = gnu17;
				GCC_NO_COMMON_BLOCKS = YES;
				GCC_WARN_64_TO_32_BIT_CONVERSION = YES;
				GCC_WARN_ABOUT_RETURN_TYPE = YES_ERROR;
				GCC_WARN_UNDECLARED_SELECTOR = YES;
				GCC_WARN_UNINITIALIZED_AUTOS = YES_AGGRESSIVE;
				GCC_WARN_UNUSED_FUNCTION = YES;
				GCC_WARN_UNUSED_VARIABLE = YES;
				IPHONEOS_DEPLOYMENT_TARGET = 18.2;
				LOCALIZATION_PREFERS_STRING_CATALOGS = YES;
				MTL_ENABLE_DEBUG_INFO = NO;
				MTL_FAST_MATH = YES;
				SDKROOT = iphoneos;
				SWIFT_COMPILATION_MODE = wholemodule;
				VALIDATE_PRODUCT = YES;
			};
			name = Release;
		};
		1DDB39A82D59CBAB00093AE7 /* Debug */ = {
			isa = XCBuildConfiguration;
			buildSettings = {
				ASSETCATALOG_COMPILER_APPICON_NAME = AppIcon;
				ASSETCATALOG_COMPILER_GLOBAL_ACCENT_COLOR_NAME = AccentColor;
				CODE_SIGN_STYLE = Automatic;
				CURRENT_PROJECT_VERSION = 1;
				DEVELOPMENT_ASSET_PATHS = "\"QuoteOfTheDay/Preview Content\"";
				ENABLE_PREVIEWS = YES;
				GENERATE_INFOPLIST_FILE = YES;
				INFOPLIST_FILE = QuoteOfTheDay/Info.plist;
				INFOPLIST_KEY_LSApplicationCategoryType = "";
				INFOPLIST_KEY_UIApplicationSceneManifest_Generation = YES;
				INFOPLIST_KEY_UIApplicationSupportsIndirectInputEvents = YES;
				INFOPLIST_KEY_UILaunchScreen_Generation = YES;
				INFOPLIST_KEY_UISupportedInterfaceOrientations_iPad = "UIInterfaceOrientationPortrait UIInterfaceOrientationPortraitUpsideDown UIInterfaceOrientationLandscapeLeft UIInterfaceOrientationLandscapeRight";
				INFOPLIST_KEY_UISupportedInterfaceOrientations_iPhone = "UIInterfaceOrientationPortrait UIInterfaceOrientationLandscapeLeft UIInterfaceOrientationLandscapeRight";
				IPHONEOS_DEPLOYMENT_TARGET = 16.6;
				LD_RUNPATH_SEARCH_PATHS = (
					"$(inherited)",
					"@executable_path/Frameworks",
				);
				MARKETING_VERSION = 1.0;
				PRODUCT_BUNDLE_IDENTIFIER = techconsultants.QuoteOfTheDay;
				PRODUCT_NAME = "$(TARGET_NAME)";
				SWIFT_EMIT_LOC_STRINGS = YES;
				SWIFT_VERSION = 5.0;
				TARGETED_DEVICE_FAMILY = "1,2";
			};
			name = Debug;
		};
		1DDB39A92D59CBAB00093AE7 /* Release */ = {
			isa = XCBuildConfiguration;
			buildSettings = {
				ASSETCATALOG_COMPILER_APPICON_NAME = AppIcon;
				ASSETCATALOG_COMPILER_GLOBAL_ACCENT_COLOR_NAME = AccentColor;
				CODE_SIGN_STYLE = Automatic;
				CURRENT_PROJECT_VERSION = 1;
				DEVELOPMENT_ASSET_PATHS = "\"QuoteOfTheDay/Preview Content\"";
				ENABLE_PREVIEWS = YES;
				GENERATE_INFOPLIST_FILE = YES;
				INFOPLIST_FILE = QuoteOfTheDay/Info.plist;
				INFOPLIST_KEY_LSApplicationCategoryType = "";
				INFOPLIST_KEY_UIApplicationSceneManifest_Generation = YES;
				INFOPLIST_KEY_UIApplicationSupportsIndirectInputEvents = YES;
				INFOPLIST_KEY_UILaunchScreen_Generation = YES;
				INFOPLIST_KEY_UISupportedInterfaceOrientations_iPad = "UIInterfaceOrientationPortrait UIInterfaceOrientationPortraitUpsideDown UIInterfaceOrientationLandscapeLeft UIInterfaceOrientationLandscapeRight";
				INFOPLIST_KEY_UISupportedInterfaceOrientations_iPhone = "UIInterfaceOrientationPortrait UIInterfaceOrientationLandscapeLeft UIInterfaceOrientationLandscapeRight";
				IPHONEOS_DEPLOYMENT_TARGET = 16.6;
				LD_RUNPATH_SEARCH_PATHS = (
					"$(inherited)",
					"@executable_path/Frameworks",
				);
				MARKETING_VERSION = 1.0;
				PRODUCT_BUNDLE_IDENTIFIER = techconsultants.QuoteOfTheDay;
				PRODUCT_NAME = "$(TARGET_NAME)";
				SWIFT_EMIT_LOC_STRINGS = YES;
				SWIFT_VERSION = 5.0;
				TARGETED_DEVICE_FAMILY = "1,2";
			};
			name = Release;
		};
		1DDB39AB2D59CBAB00093AE7 /* Debug */ = {
			isa = XCBuildConfiguration;
			buildSettings = {
				BUNDLE_LOADER = "$(TEST_HOST)";
				CODE_SIGN_STYLE = Automatic;
				CURRENT_PROJECT_VERSION = 1;
				GENERATE_INFOPLIST_FILE = YES;
				IPHONEOS_DEPLOYMENT_TARGET = 16.6;
				MARKETING_VERSION = 1.0;
				PRODUCT_BUNDLE_IDENTIFIER = techconsultants.QuoteOfTheDayTests;
				PRODUCT_NAME = "$(TARGET_NAME)";
				SWIFT_EMIT_LOC_STRINGS = NO;
				SWIFT_VERSION = 5.0;
				TARGETED_DEVICE_FAMILY = "1,2";
				TEST_HOST = "$(BUILT_PRODUCTS_DIR)/QuoteOfTheDay.app/$(BUNDLE_EXECUTABLE_FOLDER_PATH)/QuoteOfTheDay";
			};
			name = Debug;
		};
		1DDB39AC2D59CBAB00093AE7 /* Release */ = {
			isa = XCBuildConfiguration;
			buildSettings = {
				BUNDLE_LOADER = "$(TEST_HOST)";
				CODE_SIGN_STYLE = Automatic;
				CURRENT_PROJECT_VERSION = 1;
				GENERATE_INFOPLIST_FILE = YES;
				IPHONEOS_DEPLOYMENT_TARGET = 16.6;
				MARKETING_VERSION = 1.0;
				PRODUCT_BUNDLE_IDENTIFIER = techconsultants.QuoteOfTheDayTests;
				PRODUCT_NAME = "$(TARGET_NAME)";
				SWIFT_EMIT_LOC_STRINGS = NO;
				SWIFT_VERSION = 5.0;
				TARGETED_DEVICE_FAMILY = "1,2";
				TEST_HOST = "$(BUILT_PRODUCTS_DIR)/QuoteOfTheDay.app/$(BUNDLE_EXECUTABLE_FOLDER_PATH)/QuoteOfTheDay";
			};
			name = Release;
		};
		1DDB39AE2D59CBAB00093AE7 /* Debug */ = {
			isa = XCBuildConfiguration;
			buildSettings = {
				CODE_SIGN_STYLE = Automatic;
				CURRENT_PROJECT_VERSION = 1;
				GENERATE_INFOPLIST_FILE = YES;
				MARKETING_VERSION = 1.0;
				PRODUCT_BUNDLE_IDENTIFIER = techconsultants.QuoteOfTheDayUITests;
				PRODUCT_NAME = "$(TARGET_NAME)";
				SWIFT_EMIT_LOC_STRINGS = NO;
				SWIFT_VERSION = 5.0;
				TARGETED_DEVICE_FAMILY = "1,2";
				TEST_TARGET_NAME = QuoteOfTheDay;
			};
			name = Debug;
		};
		1DDB39AF2D59CBAB00093AE7 /* Release */ = {
			isa = XCBuildConfiguration;
			buildSettings = {
				CODE_SIGN_STYLE = Automatic;
				CURRENT_PROJECT_VERSION = 1;
				GENERATE_INFOPLIST_FILE = YES;
				MARKETING_VERSION = 1.0;
				PRODUCT_BUNDLE_IDENTIFIER = techconsultants.QuoteOfTheDayUITests;
				PRODUCT_NAME = "$(TARGET_NAME)";
				SWIFT_EMIT_LOC_STRINGS = NO;
				SWIFT_VERSION = 5.0;
				TARGETED_DEVICE_FAMILY = "1,2";
				TEST_TARGET_NAME = QuoteOfTheDay;
			};
			name = Release;
		};
/* End XCBuildConfiguration section */

/* Begin XCConfigurationList section */
		1DDB397E2D59CBA800093AE7 /* Build configuration list for PBXProject "QuoteOfTheDay" */ = {
			isa = XCConfigurationList;
			buildConfigurations = (
				1DDB39A52D59CBAB00093AE7 /* Debug */,
				1DDB39A62D59CBAB00093AE7 /* Release */,
			);
			defaultConfigurationIsVisible = 0;
			defaultConfigurationName = Release;
		};
		1DDB39A72D59CBAB00093AE7 /* Build configuration list for PBXNativeTarget "QuoteOfTheDay" */ = {
			isa = XCConfigurationList;
			buildConfigurations = (
				1DDB39A82D59CBAB00093AE7 /* Debug */,
				1DDB39A92D59CBAB00093AE7 /* Release */,
			);
			defaultConfigurationIsVisible = 0;
			defaultConfigurationName = Release;
		};
		1DDB39AA2D59CBAB00093AE7 /* Build configuration list for PBXNativeTarget "QuoteOfTheDayTests" */ = {
			isa = XCConfigurationList;
			buildConfigurations = (
				1DDB39AB2D59CBAB00093AE7 /* Debug */,
				1DDB39AC2D59CBAB00093AE7 /* Release */,
			);
			defaultConfigurationIsVisible = 0;
			defaultConfigurationName = Release;
		};
		1DDB39AD2D59CBAB00093AE7 /* Build configuration list for PBXNativeTarget "QuoteOfTheDayUITests" */ = {
			isa = XCConfigurationList;
			buildConfigurations = (
				1DDB39AE2D59CBAB00093AE7 /* Debug */,
				1DDB39AF2D59CBAB00093AE7 /* Release */,
			);
			defaultConfigurationIsVisible = 0;
			defaultConfigurationName = Release;
		};
/* End XCConfigurationList section */

/* Begin XCRemoteSwiftPackageReference section */
		1DDB3A1C2D59EBEA00093AE7 /* XCRemoteSwiftPackageReference "firebase-ios-sdk" */ = {
			isa = XCRemoteSwiftPackageReference;
			repositoryURL = "https://github.com/firebase/firebase-ios-sdk";
			requirement = {
				kind = upToNextMajorVersion;
				minimumVersion = 11.8.1;
			};
		};
		1DDB3B342D5BA08300093AE7 /* XCRemoteSwiftPackageReference "ViewInspector" */ = {
			isa = XCRemoteSwiftPackageReference;
			repositoryURL = "https://github.com/nalexn/ViewInspector";
			requirement = {
				kind = upToNextMajorVersion;
				minimumVersion = 0.10.1;
			};
		};
/* End XCRemoteSwiftPackageReference section */

/* Begin XCSwiftPackageProductDependency section */
		1DDB3A1D2D59EBEA00093AE7 /* FirebaseAnalytics */ = {
			isa = XCSwiftPackageProductDependency;
			package = 1DDB3A1C2D59EBEA00093AE7 /* XCRemoteSwiftPackageReference "firebase-ios-sdk" */;
			productName = FirebaseAnalytics;
		};
		1DDB3A1F2D59EBEA00093AE7 /* FirebaseAuth */ = {
			isa = XCSwiftPackageProductDependency;
			package = 1DDB3A1C2D59EBEA00093AE7 /* XCRemoteSwiftPackageReference "firebase-ios-sdk" */;
			productName = FirebaseAuth;
		};
		1DDB3A212D59EBEA00093AE7 /* FirebaseCore */ = {
			isa = XCSwiftPackageProductDependency;
			package = 1DDB3A1C2D59EBEA00093AE7 /* XCRemoteSwiftPackageReference "firebase-ios-sdk" */;
			productName = FirebaseCore;
		};
		1DDB3A232D59EBEA00093AE7 /* FirebaseFirestore */ = {
			isa = XCSwiftPackageProductDependency;
			package = 1DDB3A1C2D59EBEA00093AE7 /* XCRemoteSwiftPackageReference "firebase-ios-sdk" */;
			productName = FirebaseFirestore;
		};
		1DDB3B352D5BA08300093AE7 /* ViewInspector */ = {
			isa = XCSwiftPackageProductDependency;
			package = 1DDB3B342D5BA08300093AE7 /* XCRemoteSwiftPackageReference "ViewInspector" */;
			productName = ViewInspector;
		};
/* End XCSwiftPackageProductDependency section */
	};
	rootObject = 1DDB397B2D59CBA800093AE7 /* Project object */;
}
